
Microsoft Visual Studio Solution File, Format Version 12.00
# Visual Studio Version 16
VisualStudioVersion = 16.0.29326.143
MinimumVisualStudioVersion = 10.0.40219.1
Project("{FAE04EC0-301F-11D3-BF4B-00C04F79EFBC}") = "graf", "graf.csproj", "{65D04A9F-F2BA-4DA5-B541-592771E7A45F}"
EndProject
Global
	GlobalSection(SolutionConfigurationPlatforms) = preSolution
		Debug|Any CPU = Debug|Any CPU
		Release|Any CPU = Release|Any CPU
	EndGlobalSection
	GlobalSection(ProjectConfigurationPlatforms) = postSolution
		{65D04A9F-F2BA-4DA5-B541-592771E7A45F}.Debug|Any CPU.ActiveCfg = Debug|Any CPU
		{65D04A9F-F2BA-4DA5-B541-592771E7A45F}.Debug|Any CPU.Build.0 = Debug|Any CPU
		{65D04A9F-F2BA-4DA5-B541-592771E7A45F}.Release|Any CPU.ActiveCfg = Release|Any CPU
		{65D04A9F-F2BA-4DA5-B541-592771E7A45F}.Release|Any CPU.Build.0 = Release|Any CPU
	EndGlobalSection
	GlobalSection(SolutionProperties) = preSolution
		HideSolutionNode = FALSE
	EndGlobalSection
	GlobalSection(ExtensibilityGlobals) = postSolution
		SolutionGuid = {F33E67FD-DA90-4B04-95C6-9B7D319F2330}
	EndGlobalSection
EndGlobal
