
Microsoft Visual Studio Solution File, Format Version 12.00
# Visual Studio Version 16
VisualStudioVersion = 16.0.31321.278
MinimumVisualStudioVersion = 10.0.40219.1
Project("{FAE04EC0-301F-11D3-BF4B-00C04F79EFBC}") = "Interfejsy", "Interfejsy\Interfejsy.csproj", "{32D47F82-CEAD-40D1-8551-C61327D30971}"
EndProject
Global
	GlobalSection(SolutionConfigurationPlatforms) = preSolution
		Debug|Any CPU = Debug|Any CPU
		Release|Any CPU = Release|Any CPU
	EndGlobalSection
	GlobalSection(ProjectConfigurationPlatforms) = postSolution
		{32D47F82-CEAD-40D1-8551-C61327D30971}.Debug|Any CPU.ActiveCfg = Debug|Any CPU
		{32D47F82-CEAD-40D1-8551-C61327D30971}.Debug|Any CPU.Build.0 = Debug|Any CPU
		{32D47F82-CEAD-40D1-8551-C61327D30971}.Release|Any CPU.ActiveCfg = Release|Any CPU
		{32D47F82-CEAD-40D1-8551-C61327D30971}.Release|Any CPU.Build.0 = Release|Any CPU
	EndGlobalSection
	GlobalSection(SolutionProperties) = preSolution
		HideSolutionNode = FALSE
	EndGlobalSection
	GlobalSection(ExtensibilityGlobals) = postSolution
		SolutionGuid = {7147BC60-19DD-4092-9233-73C8F078DAF4}
	EndGlobalSection
EndGlobal
