
Microsoft Visual Studio Solution File, Format Version 12.00
# Visual Studio Version 16
VisualStudioVersion = 16.0.31321.278
MinimumVisualStudioVersion = 10.0.40219.1
Project("{FAE04EC0-301F-11D3-BF4B-00C04F79EFBC}") = "WyrazeniaLambda", "WyrazeniaLambda\WyrazeniaLambda.csproj", "{4FEDF80A-F40D-4E6C-A8CD-5EF2F5A457FE}"
EndProject
Global
	GlobalSection(SolutionConfigurationPlatforms) = preSolution
		Debug|Any CPU = Debug|Any CPU
		Release|Any CPU = Release|Any CPU
	EndGlobalSection
	GlobalSection(ProjectConfigurationPlatforms) = postSolution
		{4FEDF80A-F40D-4E6C-A8CD-5EF2F5A457FE}.Debug|Any CPU.ActiveCfg = Debug|Any CPU
		{4FEDF80A-F40D-4E6C-A8CD-5EF2F5A457FE}.Debug|Any CPU.Build.0 = Debug|Any CPU
		{4FEDF80A-F40D-4E6C-A8CD-5EF2F5A457FE}.Release|Any CPU.ActiveCfg = Release|Any CPU
		{4FEDF80A-F40D-4E6C-A8CD-5EF2F5A457FE}.Release|Any CPU.Build.0 = Release|Any CPU
	EndGlobalSection
	GlobalSection(SolutionProperties) = preSolution
		HideSolutionNode = FALSE
	EndGlobalSection
	GlobalSection(ExtensibilityGlobals) = postSolution
		SolutionGuid = {138C4470-3731-45BE-AB71-A14EC521074D}
	EndGlobalSection
EndGlobal
