
Microsoft Visual Studio Solution File, Format Version 12.00
# Visual Studio Version 16
VisualStudioVersion = 16.0.31321.278
MinimumVisualStudioVersion = 10.0.40219.1
Project("{FAE04EC0-301F-11D3-BF4B-00C04F79EFBC}") = "Procesy", "Procesy.csproj", "{11AA5452-5137-45BB-806D-FB469DC6411D}"
EndProject
Global
	GlobalSection(SolutionConfigurationPlatforms) = preSolution
		Debug|Any CPU = Debug|Any CPU
		Release|Any CPU = Release|Any CPU
	EndGlobalSection
	GlobalSection(ProjectConfigurationPlatforms) = postSolution
		{11AA5452-5137-45BB-806D-FB469DC6411D}.Debug|Any CPU.ActiveCfg = Debug|Any CPU
		{11AA5452-5137-45BB-806D-FB469DC6411D}.Debug|Any CPU.Build.0 = Debug|Any CPU
		{11AA5452-5137-45BB-806D-FB469DC6411D}.Release|Any CPU.ActiveCfg = Release|Any CPU
		{11AA5452-5137-45BB-806D-FB469DC6411D}.Release|Any CPU.Build.0 = Release|Any CPU
	EndGlobalSection
	GlobalSection(SolutionProperties) = preSolution
		HideSolutionNode = FALSE
	EndGlobalSection
	GlobalSection(ExtensibilityGlobals) = postSolution
		SolutionGuid = {816B4D5C-E728-4C1B-B871-6CAF853E9355}
	EndGlobalSection
EndGlobal
