
Microsoft Visual Studio Solution File, Format Version 12.00
# Visual Studio Version 16
VisualStudioVersion = 16.0.31321.278
MinimumVisualStudioVersion = 10.0.40219.1
Project("{FAE04EC0-301F-11D3-BF4B-00C04F79EFBC}") = "Programowanie_wielowatkowe_rownolegle_i_asynchroniczne", "Programowanie_wielowatkowe_rownolegle_i_asynchroniczne.csproj", "{1F0D0F27-C11A-4C06-A7B0-74DDD8F9C676}"
EndProject
Global
	GlobalSection(SolutionConfigurationPlatforms) = preSolution
		Debug|Any CPU = Debug|Any CPU
		Release|Any CPU = Release|Any CPU
	EndGlobalSection
	GlobalSection(ProjectConfigurationPlatforms) = postSolution
		{1F0D0F27-C11A-4C06-A7B0-74DDD8F9C676}.Debug|Any CPU.ActiveCfg = Debug|Any CPU
		{1F0D0F27-C11A-4C06-A7B0-74DDD8F9C676}.Debug|Any CPU.Build.0 = Debug|Any CPU
		{1F0D0F27-C11A-4C06-A7B0-74DDD8F9C676}.Release|Any CPU.ActiveCfg = Release|Any CPU
		{1F0D0F27-C11A-4C06-A7B0-74DDD8F9C676}.Release|Any CPU.Build.0 = Release|Any CPU
	EndGlobalSection
	GlobalSection(SolutionProperties) = preSolution
		HideSolutionNode = FALSE
	EndGlobalSection
	GlobalSection(ExtensibilityGlobals) = postSolution
		SolutionGuid = {18BB6EFB-C4E6-4182-A9BE-7FC18D31A00F}
	EndGlobalSection
EndGlobal
